
Microsoft Visual Studio Solution File, Format Version 12.00
Project("{FAE04EC0-301F-11D3-BF4B-00C04F79EFBC}") = "Toolkit", "Toolkit\Toolkit.csproj", "{853A13B3-CE32-46F1-AD82-AC40D8AC5281}"
EndProject
Project("{FAE04EC0-301F-11D3-BF4B-00C04F79EFBC}") = "GameCore", "GameCore\GameCore.csproj", "{788F779F-92A0-4E94-A341-F6FA3854EE1F}"
EndProject
Project("{FAE04EC0-301F-11D3-BF4B-00C04F79EFBC}") = "Dummy", "Dummy\Dummy.csproj", "{5A89A612-825F-4F3B-B178-24054E920EC7}"
EndProject
Project("{FAE04EC0-301F-11D3-BF4B-00C04F79EFBC}") = "GameServer", "GameServer\GameServer.csproj", "{E7A30A40-4D5E-484D-B242-4E58C7FBA2CD}"
EndProject
Project("{2150E333-8FDC-42A3-9474-1A3956D46DE8}") = "Solution Items", "Solution Items", "{3B520D17-8961-4147-97CE-077EDABFD468}"
	ProjectSection(SolutionItems) = preProject
		docker-compose.yml = docker-compose.yml
	EndProjectSection
EndProject
Global
	GlobalSection(SolutionConfigurationPlatforms) = preSolution
		Debug|Any CPU = Debug|Any CPU
		Release|Any CPU = Release|Any CPU
	EndGlobalSection
	GlobalSection(ProjectConfigurationPlatforms) = postSolution
		{853A13B3-CE32-46F1-AD82-AC40D8AC5281}.Debug|Any CPU.ActiveCfg = Debug|Any CPU
		{853A13B3-CE32-46F1-AD82-AC40D8AC5281}.Debug|Any CPU.Build.0 = Debug|Any CPU
		{853A13B3-CE32-46F1-AD82-AC40D8AC5281}.Release|Any CPU.ActiveCfg = Release|Any CPU
		{853A13B3-CE32-46F1-AD82-AC40D8AC5281}.Release|Any CPU.Build.0 = Release|Any CPU
		{788F779F-92A0-4E94-A341-F6FA3854EE1F}.Debug|Any CPU.ActiveCfg = Debug|Any CPU
		{788F779F-92A0-4E94-A341-F6FA3854EE1F}.Debug|Any CPU.Build.0 = Debug|Any CPU
		{788F779F-92A0-4E94-A341-F6FA3854EE1F}.Release|Any CPU.ActiveCfg = Release|Any CPU
		{788F779F-92A0-4E94-A341-F6FA3854EE1F}.Release|Any CPU.Build.0 = Release|Any CPU
		{5A89A612-825F-4F3B-B178-24054E920EC7}.Debug|Any CPU.ActiveCfg = Debug|Any CPU
		{5A89A612-825F-4F3B-B178-24054E920EC7}.Debug|Any CPU.Build.0 = Debug|Any CPU
		{5A89A612-825F-4F3B-B178-24054E920EC7}.Release|Any CPU.ActiveCfg = Release|Any CPU
		{5A89A612-825F-4F3B-B178-24054E920EC7}.Release|Any CPU.Build.0 = Release|Any CPU
		{E7A30A40-4D5E-484D-B242-4E58C7FBA2CD}.Debug|Any CPU.ActiveCfg = Debug|Any CPU
		{E7A30A40-4D5E-484D-B242-4E58C7FBA2CD}.Debug|Any CPU.Build.0 = Debug|Any CPU
		{E7A30A40-4D5E-484D-B242-4E58C7FBA2CD}.Release|Any CPU.ActiveCfg = Release|Any CPU
		{E7A30A40-4D5E-484D-B242-4E58C7FBA2CD}.Release|Any CPU.Build.0 = Release|Any CPU
	EndGlobalSection
EndGlobal
